
Microsoft Visual Studio Solution File, Format Version 12.00
# Visual Studio Version 17
VisualStudioVersion = 17.10.34928.147
MinimumVisualStudioVersion = 10.0.40219.1
Project("{9A19103F-16F7-4668-BE54-9A1E7A4F7556}") = "CsharpBackend", "CsharpBackend\CsharpBackend.csproj", "{09E707D6-24EC-47FA-A78B-92D928F08F3D}"
EndProject
Project("{9A19103F-16F7-4668-BE54-9A1E7A4F7556}") = "TestBackend", "TestBackend\TestBackend.csproj", "{AA6F51D6-EA45-43F7-A0F2-F15646BED9CD}"
EndProject
Global
	GlobalSection(SolutionConfigurationPlatforms) = preSolution
		Debug|Any CPU = Debug|Any CPU
		Debug|x64 = Debug|x64
		Release|Any CPU = Release|Any CPU
		Release|x64 = Release|x64
	EndGlobalSection
	GlobalSection(ProjectConfigurationPlatforms) = postSolution
		{09E707D6-24EC-47FA-A78B-92D928F08F3D}.Debug|Any CPU.ActiveCfg = Debug|Any CPU
		{09E707D6-24EC-47FA-A78B-92D928F08F3D}.Debug|Any CPU.Build.0 = Debug|Any CPU
		{09E707D6-24EC-47FA-A78B-92D928F08F3D}.Debug|x64.ActiveCfg = Debug|x64
		{09E707D6-24EC-47FA-A78B-92D928F08F3D}.Debug|x64.Build.0 = Debug|x64
		{09E707D6-24EC-47FA-A78B-92D928F08F3D}.Release|Any CPU.ActiveCfg = Release|Any CPU
		{09E707D6-24EC-47FA-A78B-92D928F08F3D}.Release|Any CPU.Build.0 = Release|Any CPU
		{09E707D6-24EC-47FA-A78B-92D928F08F3D}.Release|x64.ActiveCfg = Release|x64
		{09E707D6-24EC-47FA-A78B-92D928F08F3D}.Release|x64.Build.0 = Release|x64
		{AA6F51D6-EA45-43F7-A0F2-F15646BED9CD}.Debug|Any CPU.ActiveCfg = Debug|Any CPU
		{AA6F51D6-EA45-43F7-A0F2-F15646BED9CD}.Debug|x64.ActiveCfg = Debug|Any CPU
		{AA6F51D6-EA45-43F7-A0F2-F15646BED9CD}.Debug|x64.Build.0 = Debug|Any CPU
		{AA6F51D6-EA45-43F7-A0F2-F15646BED9CD}.Release|Any CPU.ActiveCfg = Release|Any CPU
		{AA6F51D6-EA45-43F7-A0F2-F15646BED9CD}.Release|x64.ActiveCfg = Release|Any CPU
		{AA6F51D6-EA45-43F7-A0F2-F15646BED9CD}.Release|x64.Build.0 = Release|Any CPU
	EndGlobalSection
	GlobalSection(SolutionProperties) = preSolution
		HideSolutionNode = FALSE
	EndGlobalSection
	GlobalSection(ExtensibilityGlobals) = postSolution
		SolutionGuid = {FFCBFE4F-1E5D-4E2D-8F56-6A604DFD5EBF}
	EndGlobalSection
EndGlobal
